
Microsoft Visual Studio Solution File, Format Version 12.00
# Visual Studio Version 17
VisualStudioVersion = 17.10.35004.147
MinimumVisualStudioVersion = 10.0.40219.1
Project("{9A19103F-16F7-4668-BE54-9A1E7A4F7556}") = "ClearUnusedGUIDs", "ClearUnusedGUIDs\ClearUnusedGUIDs.csproj", "{1A178209-6399-4B16-9D28-545D94E076F6}"
EndProject
Project("{9A19103F-16F7-4668-BE54-9A1E7A4F7556}") = "Tools.Logger", "Tools.Logger\Tools.Logger.csproj", "{F2D21824-B4BF-42EF-BD1B-70DF33D92B65}"
EndProject
Project("{9A19103F-16F7-4668-BE54-9A1E7A4F7556}") = "RibbonBimStarter", "RibbonBimStarter\RibbonBimStarter.csproj", "{1169BE0C-2A59-4B72-B993-5A553BB9D62C}"
EndProject
Project("{9A19103F-16F7-4668-BE54-9A1E7A4F7556}") = "Tools.LinksManager", "Tools.LinksManager\Tools.LinksManager.csproj", "{09AD393E-A885-42DF-BF9B-ED9ECA14E9B9}"
EndProject
Project("{9A19103F-16F7-4668-BE54-9A1E7A4F7556}") = "Tools.Extensions", "Tools.Extensions\Tools.Extensions.csproj", "{B12DCFBD-BCC8-43FC-9075-F406099081FB}"
EndProject
Project("{9A19103F-16F7-4668-BE54-9A1E7A4F7556}") = "BatchPrintYay", "BatchPrintYay\BatchPrintYay.csproj", "{C89B57D5-06FD-400B-9869-820AF895E7E6}"
EndProject
Project("{9A19103F-16F7-4668-BE54-9A1E7A4F7556}") = "LinkWriter", "LinkWriter\LinkWriter.csproj", "{6363F9E6-5E10-4C71-A12E-84C5E8B92B80}"
EndProject
Project("{9A19103F-16F7-4668-BE54-9A1E7A4F7556}") = "Tools.SettingsSaver", "Tools.SettingsSaver\Tools.SettingsSaver.csproj", "{7EC4B39D-C3CA-4159-A459-F5C4CE02ADA0}"
EndProject
Project("{9A19103F-16F7-4668-BE54-9A1E7A4F7556}") = "Tools.Forms", "Tools.Forms\Tools.Forms.csproj", "{0CF6436F-FCB2-48A0-B847-ED982B6A69A3}"
EndProject
Project("{9A19103F-16F7-4668-BE54-9A1E7A4F7556}") = "AboutBimstarter", "AboutBimstarter\AboutBimstarter.csproj", "{D5633462-C2AD-434D-B584-32BA8F6B7264}"
EndProject
Project("{9A19103F-16F7-4668-BE54-9A1E7A4F7556}") = "ArchParametrisation", "ArchParametrisation\ArchParametrisation.csproj", "{54E7E46D-766E-49ED-8FDA-948135EABC42}"
EndProject
Global
	GlobalSection(SolutionConfigurationPlatforms) = preSolution
		Debug|Any CPU = Debug|Any CPU
		R2017|Any CPU = R2017|Any CPU
		R2018|Any CPU = R2018|Any CPU
		R2019|Any CPU = R2019|Any CPU
		R2020|Any CPU = R2020|Any CPU
		R2021|Any CPU = R2021|Any CPU
		R2022|Any CPU = R2022|Any CPU
		R2023|Any CPU = R2023|Any CPU
		R2024|Any CPU = R2024|Any CPU
		R2025|Any CPU = R2025|Any CPU
		Release|Any CPU = Release|Any CPU
	EndGlobalSection
	GlobalSection(ProjectConfigurationPlatforms) = postSolution
		{1A178209-6399-4B16-9D28-545D94E076F6}.Debug|Any CPU.ActiveCfg = R2017|Any CPU
		{1A178209-6399-4B16-9D28-545D94E076F6}.Debug|Any CPU.Build.0 = R2017|Any CPU
		{1A178209-6399-4B16-9D28-545D94E076F6}.R2017|Any CPU.ActiveCfg = R2017|Any CPU
		{1A178209-6399-4B16-9D28-545D94E076F6}.R2017|Any CPU.Build.0 = R2017|Any CPU
		{1A178209-6399-4B16-9D28-545D94E076F6}.R2018|Any CPU.ActiveCfg = R2018|Any CPU
		{1A178209-6399-4B16-9D28-545D94E076F6}.R2018|Any CPU.Build.0 = R2018|Any CPU
		{1A178209-6399-4B16-9D28-545D94E076F6}.R2019|Any CPU.ActiveCfg = R2019|Any CPU
		{1A178209-6399-4B16-9D28-545D94E076F6}.R2019|Any CPU.Build.0 = R2019|Any CPU
		{1A178209-6399-4B16-9D28-545D94E076F6}.R2020|Any CPU.ActiveCfg = R2020|Any CPU
		{1A178209-6399-4B16-9D28-545D94E076F6}.R2020|Any CPU.Build.0 = R2020|Any CPU
		{1A178209-6399-4B16-9D28-545D94E076F6}.R2021|Any CPU.ActiveCfg = R2021|Any CPU
		{1A178209-6399-4B16-9D28-545D94E076F6}.R2021|Any CPU.Build.0 = R2021|Any CPU
		{1A178209-6399-4B16-9D28-545D94E076F6}.R2022|Any CPU.ActiveCfg = R2022|Any CPU
		{1A178209-6399-4B16-9D28-545D94E076F6}.R2022|Any CPU.Build.0 = R2022|Any CPU
		{1A178209-6399-4B16-9D28-545D94E076F6}.R2023|Any CPU.ActiveCfg = R2023|Any CPU
		{1A178209-6399-4B16-9D28-545D94E076F6}.R2023|Any CPU.Build.0 = R2023|Any CPU
		{1A178209-6399-4B16-9D28-545D94E076F6}.R2024|Any CPU.ActiveCfg = R2024|Any CPU
		{1A178209-6399-4B16-9D28-545D94E076F6}.R2024|Any CPU.Build.0 = R2024|Any CPU
		{1A178209-6399-4B16-9D28-545D94E076F6}.R2025|Any CPU.ActiveCfg = R2025|Any CPU
		{1A178209-6399-4B16-9D28-545D94E076F6}.R2025|Any CPU.Build.0 = R2025|Any CPU
		{1A178209-6399-4B16-9D28-545D94E076F6}.Release|Any CPU.ActiveCfg = R2017|Any CPU
		{1A178209-6399-4B16-9D28-545D94E076F6}.Release|Any CPU.Build.0 = R2017|Any CPU
		{F2D21824-B4BF-42EF-BD1B-70DF33D92B65}.Debug|Any CPU.ActiveCfg = Debug|Any CPU
		{F2D21824-B4BF-42EF-BD1B-70DF33D92B65}.Debug|Any CPU.Build.0 = Debug|Any CPU
		{F2D21824-B4BF-42EF-BD1B-70DF33D92B65}.R2017|Any CPU.ActiveCfg = Release|Any CPU
		{F2D21824-B4BF-42EF-BD1B-70DF33D92B65}.R2017|Any CPU.Build.0 = Release|Any CPU
		{F2D21824-B4BF-42EF-BD1B-70DF33D92B65}.R2018|Any CPU.ActiveCfg = Release|Any CPU
		{F2D21824-B4BF-42EF-BD1B-70DF33D92B65}.R2018|Any CPU.Build.0 = Release|Any CPU
		{F2D21824-B4BF-42EF-BD1B-70DF33D92B65}.R2019|Any CPU.ActiveCfg = Release|Any CPU
		{F2D21824-B4BF-42EF-BD1B-70DF33D92B65}.R2019|Any CPU.Build.0 = Release|Any CPU
		{F2D21824-B4BF-42EF-BD1B-70DF33D92B65}.R2020|Any CPU.ActiveCfg = Release|Any CPU
		{F2D21824-B4BF-42EF-BD1B-70DF33D92B65}.R2020|Any CPU.Build.0 = Release|Any CPU
		{F2D21824-B4BF-42EF-BD1B-70DF33D92B65}.R2021|Any CPU.ActiveCfg = Release|Any CPU
		{F2D21824-B4BF-42EF-BD1B-70DF33D92B65}.R2021|Any CPU.Build.0 = Release|Any CPU
		{F2D21824-B4BF-42EF-BD1B-70DF33D92B65}.R2022|Any CPU.ActiveCfg = Release|Any CPU
		{F2D21824-B4BF-42EF-BD1B-70DF33D92B65}.R2022|Any CPU.Build.0 = Release|Any CPU
		{F2D21824-B4BF-42EF-BD1B-70DF33D92B65}.R2023|Any CPU.ActiveCfg = Release|Any CPU
		{F2D21824-B4BF-42EF-BD1B-70DF33D92B65}.R2023|Any CPU.Build.0 = Release|Any CPU
		{F2D21824-B4BF-42EF-BD1B-70DF33D92B65}.R2024|Any CPU.ActiveCfg = Release|Any CPU
		{F2D21824-B4BF-42EF-BD1B-70DF33D92B65}.R2024|Any CPU.Build.0 = Release|Any CPU
		{F2D21824-B4BF-42EF-BD1B-70DF33D92B65}.R2025|Any CPU.ActiveCfg = Release|Any CPU
		{F2D21824-B4BF-42EF-BD1B-70DF33D92B65}.R2025|Any CPU.Build.0 = Release|Any CPU
		{F2D21824-B4BF-42EF-BD1B-70DF33D92B65}.Release|Any CPU.ActiveCfg = Release|Any CPU
		{F2D21824-B4BF-42EF-BD1B-70DF33D92B65}.Release|Any CPU.Build.0 = Release|Any CPU
		{1169BE0C-2A59-4B72-B993-5A553BB9D62C}.Debug|Any CPU.ActiveCfg = R2017|Any CPU
		{1169BE0C-2A59-4B72-B993-5A553BB9D62C}.Debug|Any CPU.Build.0 = R2017|Any CPU
		{1169BE0C-2A59-4B72-B993-5A553BB9D62C}.R2017|Any CPU.ActiveCfg = R2017|Any CPU
		{1169BE0C-2A59-4B72-B993-5A553BB9D62C}.R2017|Any CPU.Build.0 = R2017|Any CPU
		{1169BE0C-2A59-4B72-B993-5A553BB9D62C}.R2018|Any CPU.ActiveCfg = R2018|Any CPU
		{1169BE0C-2A59-4B72-B993-5A553BB9D62C}.R2018|Any CPU.Build.0 = R2018|Any CPU
		{1169BE0C-2A59-4B72-B993-5A553BB9D62C}.R2019|Any CPU.ActiveCfg = R2019|Any CPU
		{1169BE0C-2A59-4B72-B993-5A553BB9D62C}.R2019|Any CPU.Build.0 = R2019|Any CPU
		{1169BE0C-2A59-4B72-B993-5A553BB9D62C}.R2020|Any CPU.ActiveCfg = R2020|Any CPU
		{1169BE0C-2A59-4B72-B993-5A553BB9D62C}.R2020|Any CPU.Build.0 = R2020|Any CPU
		{1169BE0C-2A59-4B72-B993-5A553BB9D62C}.R2021|Any CPU.ActiveCfg = R2021|Any CPU
		{1169BE0C-2A59-4B72-B993-5A553BB9D62C}.R2021|Any CPU.Build.0 = R2021|Any CPU
		{1169BE0C-2A59-4B72-B993-5A553BB9D62C}.R2022|Any CPU.ActiveCfg = R2022|Any CPU
		{1169BE0C-2A59-4B72-B993-5A553BB9D62C}.R2022|Any CPU.Build.0 = R2022|Any CPU
		{1169BE0C-2A59-4B72-B993-5A553BB9D62C}.R2023|Any CPU.ActiveCfg = R2023|Any CPU
		{1169BE0C-2A59-4B72-B993-5A553BB9D62C}.R2023|Any CPU.Build.0 = R2023|Any CPU
		{1169BE0C-2A59-4B72-B993-5A553BB9D62C}.R2024|Any CPU.ActiveCfg = R2024|Any CPU
		{1169BE0C-2A59-4B72-B993-5A553BB9D62C}.R2024|Any CPU.Build.0 = R2024|Any CPU
		{1169BE0C-2A59-4B72-B993-5A553BB9D62C}.R2025|Any CPU.ActiveCfg = R2025|Any CPU
		{1169BE0C-2A59-4B72-B993-5A553BB9D62C}.R2025|Any CPU.Build.0 = R2025|Any CPU
		{1169BE0C-2A59-4B72-B993-5A553BB9D62C}.Release|Any CPU.ActiveCfg = R2017|Any CPU
		{1169BE0C-2A59-4B72-B993-5A553BB9D62C}.Release|Any CPU.Build.0 = R2017|Any CPU
		{09AD393E-A885-42DF-BF9B-ED9ECA14E9B9}.Debug|Any CPU.ActiveCfg = R2017|Any CPU
		{09AD393E-A885-42DF-BF9B-ED9ECA14E9B9}.Debug|Any CPU.Build.0 = R2017|Any CPU
		{09AD393E-A885-42DF-BF9B-ED9ECA14E9B9}.R2017|Any CPU.ActiveCfg = R2017|Any CPU
		{09AD393E-A885-42DF-BF9B-ED9ECA14E9B9}.R2017|Any CPU.Build.0 = R2017|Any CPU
		{09AD393E-A885-42DF-BF9B-ED9ECA14E9B9}.R2018|Any CPU.ActiveCfg = R2018|Any CPU
		{09AD393E-A885-42DF-BF9B-ED9ECA14E9B9}.R2018|Any CPU.Build.0 = R2018|Any CPU
		{09AD393E-A885-42DF-BF9B-ED9ECA14E9B9}.R2019|Any CPU.ActiveCfg = R2019|Any CPU
		{09AD393E-A885-42DF-BF9B-ED9ECA14E9B9}.R2019|Any CPU.Build.0 = R2019|Any CPU
		{09AD393E-A885-42DF-BF9B-ED9ECA14E9B9}.R2020|Any CPU.ActiveCfg = R2020|Any CPU
		{09AD393E-A885-42DF-BF9B-ED9ECA14E9B9}.R2020|Any CPU.Build.0 = R2020|Any CPU
		{09AD393E-A885-42DF-BF9B-ED9ECA14E9B9}.R2021|Any CPU.ActiveCfg = R2021|Any CPU
		{09AD393E-A885-42DF-BF9B-ED9ECA14E9B9}.R2021|Any CPU.Build.0 = R2021|Any CPU
		{09AD393E-A885-42DF-BF9B-ED9ECA14E9B9}.R2022|Any CPU.ActiveCfg = R2022|Any CPU
		{09AD393E-A885-42DF-BF9B-ED9ECA14E9B9}.R2022|Any CPU.Build.0 = R2022|Any CPU
		{09AD393E-A885-42DF-BF9B-ED9ECA14E9B9}.R2023|Any CPU.ActiveCfg = R2023|Any CPU
		{09AD393E-A885-42DF-BF9B-ED9ECA14E9B9}.R2023|Any CPU.Build.0 = R2023|Any CPU
		{09AD393E-A885-42DF-BF9B-ED9ECA14E9B9}.R2024|Any CPU.ActiveCfg = R2024|Any CPU
		{09AD393E-A885-42DF-BF9B-ED9ECA14E9B9}.R2024|Any CPU.Build.0 = R2024|Any CPU
		{09AD393E-A885-42DF-BF9B-ED9ECA14E9B9}.R2025|Any CPU.ActiveCfg = R2025|Any CPU
		{09AD393E-A885-42DF-BF9B-ED9ECA14E9B9}.R2025|Any CPU.Build.0 = R2025|Any CPU
		{09AD393E-A885-42DF-BF9B-ED9ECA14E9B9}.Release|Any CPU.ActiveCfg = R2017|Any CPU
		{09AD393E-A885-42DF-BF9B-ED9ECA14E9B9}.Release|Any CPU.Build.0 = R2017|Any CPU
		{B12DCFBD-BCC8-43FC-9075-F406099081FB}.Debug|Any CPU.ActiveCfg = Debug|Any CPU
		{B12DCFBD-BCC8-43FC-9075-F406099081FB}.Debug|Any CPU.Build.0 = Debug|Any CPU
		{B12DCFBD-BCC8-43FC-9075-F406099081FB}.R2017|Any CPU.ActiveCfg = Release|Any CPU
		{B12DCFBD-BCC8-43FC-9075-F406099081FB}.R2017|Any CPU.Build.0 = Release|Any CPU
		{B12DCFBD-BCC8-43FC-9075-F406099081FB}.R2018|Any CPU.ActiveCfg = Release|Any CPU
		{B12DCFBD-BCC8-43FC-9075-F406099081FB}.R2018|Any CPU.Build.0 = Release|Any CPU
		{B12DCFBD-BCC8-43FC-9075-F406099081FB}.R2019|Any CPU.ActiveCfg = Release|Any CPU
		{B12DCFBD-BCC8-43FC-9075-F406099081FB}.R2019|Any CPU.Build.0 = Release|Any CPU
		{B12DCFBD-BCC8-43FC-9075-F406099081FB}.R2020|Any CPU.ActiveCfg = Release|Any CPU
		{B12DCFBD-BCC8-43FC-9075-F406099081FB}.R2020|Any CPU.Build.0 = Release|Any CPU
		{B12DCFBD-BCC8-43FC-9075-F406099081FB}.R2021|Any CPU.ActiveCfg = Release|Any CPU
		{B12DCFBD-BCC8-43FC-9075-F406099081FB}.R2021|Any CPU.Build.0 = Release|Any CPU
		{B12DCFBD-BCC8-43FC-9075-F406099081FB}.R2022|Any CPU.ActiveCfg = Release|Any CPU
		{B12DCFBD-BCC8-43FC-9075-F406099081FB}.R2022|Any CPU.Build.0 = Release|Any CPU
		{B12DCFBD-BCC8-43FC-9075-F406099081FB}.R2023|Any CPU.ActiveCfg = Release|Any CPU
		{B12DCFBD-BCC8-43FC-9075-F406099081FB}.R2023|Any CPU.Build.0 = Release|Any CPU
		{B12DCFBD-BCC8-43FC-9075-F406099081FB}.R2024|Any CPU.ActiveCfg = Release|Any CPU
		{B12DCFBD-BCC8-43FC-9075-F406099081FB}.R2024|Any CPU.Build.0 = Release|Any CPU
		{B12DCFBD-BCC8-43FC-9075-F406099081FB}.R2025|Any CPU.ActiveCfg = Release|Any CPU
		{B12DCFBD-BCC8-43FC-9075-F406099081FB}.R2025|Any CPU.Build.0 = Release|Any CPU
		{B12DCFBD-BCC8-43FC-9075-F406099081FB}.Release|Any CPU.ActiveCfg = Release|Any CPU
		{B12DCFBD-BCC8-43FC-9075-F406099081FB}.Release|Any CPU.Build.0 = Release|Any CPU
		{C89B57D5-06FD-400B-9869-820AF895E7E6}.Debug|Any CPU.ActiveCfg = R2017|Any CPU
		{C89B57D5-06FD-400B-9869-820AF895E7E6}.Debug|Any CPU.Build.0 = R2017|Any CPU
		{C89B57D5-06FD-400B-9869-820AF895E7E6}.R2017|Any CPU.ActiveCfg = R2017|Any CPU
		{C89B57D5-06FD-400B-9869-820AF895E7E6}.R2017|Any CPU.Build.0 = R2017|Any CPU
		{C89B57D5-06FD-400B-9869-820AF895E7E6}.R2018|Any CPU.ActiveCfg = R2018|Any CPU
		{C89B57D5-06FD-400B-9869-820AF895E7E6}.R2018|Any CPU.Build.0 = R2018|Any CPU
		{C89B57D5-06FD-400B-9869-820AF895E7E6}.R2019|Any CPU.ActiveCfg = R2019|Any CPU
		{C89B57D5-06FD-400B-9869-820AF895E7E6}.R2019|Any CPU.Build.0 = R2019|Any CPU
		{C89B57D5-06FD-400B-9869-820AF895E7E6}.R2020|Any CPU.ActiveCfg = R2020|Any CPU
		{C89B57D5-06FD-400B-9869-820AF895E7E6}.R2020|Any CPU.Build.0 = R2020|Any CPU
		{C89B57D5-06FD-400B-9869-820AF895E7E6}.R2021|Any CPU.ActiveCfg = R2021|Any CPU
		{C89B57D5-06FD-400B-9869-820AF895E7E6}.R2021|Any CPU.Build.0 = R2021|Any CPU
		{C89B57D5-06FD-400B-9869-820AF895E7E6}.R2022|Any CPU.ActiveCfg = R2022|Any CPU
		{C89B57D5-06FD-400B-9869-820AF895E7E6}.R2022|Any CPU.Build.0 = R2022|Any CPU
		{C89B57D5-06FD-400B-9869-820AF895E7E6}.R2023|Any CPU.ActiveCfg = R2023|Any CPU
		{C89B57D5-06FD-400B-9869-820AF895E7E6}.R2023|Any CPU.Build.0 = R2023|Any CPU
		{C89B57D5-06FD-400B-9869-820AF895E7E6}.R2024|Any CPU.ActiveCfg = R2024|Any CPU
		{C89B57D5-06FD-400B-9869-820AF895E7E6}.R2024|Any CPU.Build.0 = R2024|Any CPU
		{C89B57D5-06FD-400B-9869-820AF895E7E6}.R2025|Any CPU.ActiveCfg = R2025|Any CPU
		{C89B57D5-06FD-400B-9869-820AF895E7E6}.R2025|Any CPU.Build.0 = R2025|Any CPU
		{C89B57D5-06FD-400B-9869-820AF895E7E6}.Release|Any CPU.ActiveCfg = R2017|Any CPU
		{C89B57D5-06FD-400B-9869-820AF895E7E6}.Release|Any CPU.Build.0 = R2017|Any CPU
		{6363F9E6-5E10-4C71-A12E-84C5E8B92B80}.Debug|Any CPU.ActiveCfg = R2017|Any CPU
		{6363F9E6-5E10-4C71-A12E-84C5E8B92B80}.Debug|Any CPU.Build.0 = R2017|Any CPU
		{6363F9E6-5E10-4C71-A12E-84C5E8B92B80}.R2017|Any CPU.ActiveCfg = R2017|Any CPU
		{6363F9E6-5E10-4C71-A12E-84C5E8B92B80}.R2017|Any CPU.Build.0 = R2017|Any CPU
		{6363F9E6-5E10-4C71-A12E-84C5E8B92B80}.R2018|Any CPU.ActiveCfg = R2018|Any CPU
		{6363F9E6-5E10-4C71-A12E-84C5E8B92B80}.R2018|Any CPU.Build.0 = R2018|Any CPU
		{6363F9E6-5E10-4C71-A12E-84C5E8B92B80}.R2019|Any CPU.ActiveCfg = R2019|Any CPU
		{6363F9E6-5E10-4C71-A12E-84C5E8B92B80}.R2019|Any CPU.Build.0 = R2019|Any CPU
		{6363F9E6-5E10-4C71-A12E-84C5E8B92B80}.R2020|Any CPU.ActiveCfg = R2020|Any CPU
		{6363F9E6-5E10-4C71-A12E-84C5E8B92B80}.R2020|Any CPU.Build.0 = R2020|Any CPU
		{6363F9E6-5E10-4C71-A12E-84C5E8B92B80}.R2021|Any CPU.ActiveCfg = R2021|Any CPU
		{6363F9E6-5E10-4C71-A12E-84C5E8B92B80}.R2021|Any CPU.Build.0 = R2021|Any CPU
		{6363F9E6-5E10-4C71-A12E-84C5E8B92B80}.R2022|Any CPU.ActiveCfg = R2022|Any CPU
		{6363F9E6-5E10-4C71-A12E-84C5E8B92B80}.R2022|Any CPU.Build.0 = R2022|Any CPU
		{6363F9E6-5E10-4C71-A12E-84C5E8B92B80}.R2023|Any CPU.ActiveCfg = R2023|Any CPU
		{6363F9E6-5E10-4C71-A12E-84C5E8B92B80}.R2023|Any CPU.Build.0 = R2023|Any CPU
		{6363F9E6-5E10-4C71-A12E-84C5E8B92B80}.R2024|Any CPU.ActiveCfg = R2024|Any CPU
		{6363F9E6-5E10-4C71-A12E-84C5E8B92B80}.R2024|Any CPU.Build.0 = R2024|Any CPU
		{6363F9E6-5E10-4C71-A12E-84C5E8B92B80}.R2025|Any CPU.ActiveCfg = R2025|Any CPU
		{6363F9E6-5E10-4C71-A12E-84C5E8B92B80}.R2025|Any CPU.Build.0 = R2025|Any CPU
		{6363F9E6-5E10-4C71-A12E-84C5E8B92B80}.Release|Any CPU.ActiveCfg = R2017|Any CPU
		{6363F9E6-5E10-4C71-A12E-84C5E8B92B80}.Release|Any CPU.Build.0 = R2017|Any CPU
		{7EC4B39D-C3CA-4159-A459-F5C4CE02ADA0}.Debug|Any CPU.ActiveCfg = Debug|Any CPU
		{7EC4B39D-C3CA-4159-A459-F5C4CE02ADA0}.Debug|Any CPU.Build.0 = Debug|Any CPU
		{7EC4B39D-C3CA-4159-A459-F5C4CE02ADA0}.R2017|Any CPU.ActiveCfg = Release|Any CPU
		{7EC4B39D-C3CA-4159-A459-F5C4CE02ADA0}.R2017|Any CPU.Build.0 = Release|Any CPU
		{7EC4B39D-C3CA-4159-A459-F5C4CE02ADA0}.R2018|Any CPU.ActiveCfg = Release|Any CPU
		{7EC4B39D-C3CA-4159-A459-F5C4CE02ADA0}.R2018|Any CPU.Build.0 = Release|Any CPU
		{7EC4B39D-C3CA-4159-A459-F5C4CE02ADA0}.R2019|Any CPU.ActiveCfg = Release|Any CPU
		{7EC4B39D-C3CA-4159-A459-F5C4CE02ADA0}.R2019|Any CPU.Build.0 = Release|Any CPU
		{7EC4B39D-C3CA-4159-A459-F5C4CE02ADA0}.R2020|Any CPU.ActiveCfg = Release|Any CPU
		{7EC4B39D-C3CA-4159-A459-F5C4CE02ADA0}.R2020|Any CPU.Build.0 = Release|Any CPU
		{7EC4B39D-C3CA-4159-A459-F5C4CE02ADA0}.R2021|Any CPU.ActiveCfg = Release|Any CPU
		{7EC4B39D-C3CA-4159-A459-F5C4CE02ADA0}.R2021|Any CPU.Build.0 = Release|Any CPU
		{7EC4B39D-C3CA-4159-A459-F5C4CE02ADA0}.R2022|Any CPU.ActiveCfg = Release|Any CPU
		{7EC4B39D-C3CA-4159-A459-F5C4CE02ADA0}.R2022|Any CPU.Build.0 = Release|Any CPU
		{7EC4B39D-C3CA-4159-A459-F5C4CE02ADA0}.R2023|Any CPU.ActiveCfg = Release|Any CPU
		{7EC4B39D-C3CA-4159-A459-F5C4CE02ADA0}.R2023|Any CPU.Build.0 = Release|Any CPU
		{7EC4B39D-C3CA-4159-A459-F5C4CE02ADA0}.R2024|Any CPU.ActiveCfg = Release|Any CPU
		{7EC4B39D-C3CA-4159-A459-F5C4CE02ADA0}.R2024|Any CPU.Build.0 = Release|Any CPU
		{7EC4B39D-C3CA-4159-A459-F5C4CE02ADA0}.R2025|Any CPU.ActiveCfg = Release|Any CPU
		{7EC4B39D-C3CA-4159-A459-F5C4CE02ADA0}.R2025|Any CPU.Build.0 = Release|Any CPU
		{7EC4B39D-C3CA-4159-A459-F5C4CE02ADA0}.Release|Any CPU.ActiveCfg = Release|Any CPU
		{7EC4B39D-C3CA-4159-A459-F5C4CE02ADA0}.Release|Any CPU.Build.0 = Release|Any CPU
		{0CF6436F-FCB2-48A0-B847-ED982B6A69A3}.Debug|Any CPU.ActiveCfg = R2017|Any CPU
		{0CF6436F-FCB2-48A0-B847-ED982B6A69A3}.Debug|Any CPU.Build.0 = R2017|Any CPU
		{0CF6436F-FCB2-48A0-B847-ED982B6A69A3}.R2017|Any CPU.ActiveCfg = R2017|Any CPU
		{0CF6436F-FCB2-48A0-B847-ED982B6A69A3}.R2017|Any CPU.Build.0 = R2017|Any CPU
		{0CF6436F-FCB2-48A0-B847-ED982B6A69A3}.R2018|Any CPU.ActiveCfg = R2018|Any CPU
		{0CF6436F-FCB2-48A0-B847-ED982B6A69A3}.R2018|Any CPU.Build.0 = R2018|Any CPU
		{0CF6436F-FCB2-48A0-B847-ED982B6A69A3}.R2019|Any CPU.ActiveCfg = R2019|Any CPU
		{0CF6436F-FCB2-48A0-B847-ED982B6A69A3}.R2019|Any CPU.Build.0 = R2019|Any CPU
		{0CF6436F-FCB2-48A0-B847-ED982B6A69A3}.R2020|Any CPU.ActiveCfg = R2020|Any CPU
		{0CF6436F-FCB2-48A0-B847-ED982B6A69A3}.R2020|Any CPU.Build.0 = R2020|Any CPU
		{0CF6436F-FCB2-48A0-B847-ED982B6A69A3}.R2021|Any CPU.ActiveCfg = R2021|Any CPU
		{0CF6436F-FCB2-48A0-B847-ED982B6A69A3}.R2021|Any CPU.Build.0 = R2021|Any CPU
		{0CF6436F-FCB2-48A0-B847-ED982B6A69A3}.R2022|Any CPU.ActiveCfg = R2022|Any CPU
		{0CF6436F-FCB2-48A0-B847-ED982B6A69A3}.R2022|Any CPU.Build.0 = R2022|Any CPU
		{0CF6436F-FCB2-48A0-B847-ED982B6A69A3}.R2023|Any CPU.ActiveCfg = R2023|Any CPU
		{0CF6436F-FCB2-48A0-B847-ED982B6A69A3}.R2023|Any CPU.Build.0 = R2023|Any CPU
		{0CF6436F-FCB2-48A0-B847-ED982B6A69A3}.R2024|Any CPU.ActiveCfg = R2024|Any CPU
		{0CF6436F-FCB2-48A0-B847-ED982B6A69A3}.R2024|Any CPU.Build.0 = R2024|Any CPU
		{0CF6436F-FCB2-48A0-B847-ED982B6A69A3}.R2025|Any CPU.ActiveCfg = R2025|Any CPU
		{0CF6436F-FCB2-48A0-B847-ED982B6A69A3}.R2025|Any CPU.Build.0 = R2025|Any CPU
		{0CF6436F-FCB2-48A0-B847-ED982B6A69A3}.Release|Any CPU.ActiveCfg = R2017|Any CPU
		{0CF6436F-FCB2-48A0-B847-ED982B6A69A3}.Release|Any CPU.Build.0 = R2017|Any CPU
		{D5633462-C2AD-434D-B584-32BA8F6B7264}.Debug|Any CPU.ActiveCfg = R2017|Any CPU
		{D5633462-C2AD-434D-B584-32BA8F6B7264}.Debug|Any CPU.Build.0 = R2017|Any CPU
		{D5633462-C2AD-434D-B584-32BA8F6B7264}.R2017|Any CPU.ActiveCfg = R2017|Any CPU
		{D5633462-C2AD-434D-B584-32BA8F6B7264}.R2017|Any CPU.Build.0 = R2017|Any CPU
		{D5633462-C2AD-434D-B584-32BA8F6B7264}.R2018|Any CPU.ActiveCfg = R2018|Any CPU
		{D5633462-C2AD-434D-B584-32BA8F6B7264}.R2018|Any CPU.Build.0 = R2018|Any CPU
		{D5633462-C2AD-434D-B584-32BA8F6B7264}.R2019|Any CPU.ActiveCfg = R2019|Any CPU
		{D5633462-C2AD-434D-B584-32BA8F6B7264}.R2019|Any CPU.Build.0 = R2019|Any CPU
		{D5633462-C2AD-434D-B584-32BA8F6B7264}.R2020|Any CPU.ActiveCfg = R2020|Any CPU
		{D5633462-C2AD-434D-B584-32BA8F6B7264}.R2020|Any CPU.Build.0 = R2020|Any CPU
		{D5633462-C2AD-434D-B584-32BA8F6B7264}.R2021|Any CPU.ActiveCfg = R2021|Any CPU
		{D5633462-C2AD-434D-B584-32BA8F6B7264}.R2021|Any CPU.Build.0 = R2021|Any CPU
		{D5633462-C2AD-434D-B584-32BA8F6B7264}.R2022|Any CPU.ActiveCfg = R2022|Any CPU
		{D5633462-C2AD-434D-B584-32BA8F6B7264}.R2022|Any CPU.Build.0 = R2022|Any CPU
		{D5633462-C2AD-434D-B584-32BA8F6B7264}.R2023|Any CPU.ActiveCfg = R2023|Any CPU
		{D5633462-C2AD-434D-B584-32BA8F6B7264}.R2023|Any CPU.Build.0 = R2023|Any CPU
		{D5633462-C2AD-434D-B584-32BA8F6B7264}.R2024|Any CPU.ActiveCfg = R2024|Any CPU
		{D5633462-C2AD-434D-B584-32BA8F6B7264}.R2024|Any CPU.Build.0 = R2024|Any CPU
		{D5633462-C2AD-434D-B584-32BA8F6B7264}.R2025|Any CPU.ActiveCfg = R2025|Any CPU
		{D5633462-C2AD-434D-B584-32BA8F6B7264}.R2025|Any CPU.Build.0 = R2025|Any CPU
		{D5633462-C2AD-434D-B584-32BA8F6B7264}.Release|Any CPU.ActiveCfg = R2017|Any CPU
		{D5633462-C2AD-434D-B584-32BA8F6B7264}.Release|Any CPU.Build.0 = R2017|Any CPU
		{54E7E46D-766E-49ED-8FDA-948135EABC42}.Debug|Any CPU.ActiveCfg = R2017|Any CPU
		{54E7E46D-766E-49ED-8FDA-948135EABC42}.Debug|Any CPU.Build.0 = R2017|Any CPU
		{54E7E46D-766E-49ED-8FDA-948135EABC42}.R2017|Any CPU.ActiveCfg = R2017|Any CPU
		{54E7E46D-766E-49ED-8FDA-948135EABC42}.R2017|Any CPU.Build.0 = R2017|Any CPU
		{54E7E46D-766E-49ED-8FDA-948135EABC42}.R2018|Any CPU.ActiveCfg = R2018|Any CPU
		{54E7E46D-766E-49ED-8FDA-948135EABC42}.R2018|Any CPU.Build.0 = R2018|Any CPU
		{54E7E46D-766E-49ED-8FDA-948135EABC42}.R2019|Any CPU.ActiveCfg = R2019|Any CPU
		{54E7E46D-766E-49ED-8FDA-948135EABC42}.R2019|Any CPU.Build.0 = R2019|Any CPU
		{54E7E46D-766E-49ED-8FDA-948135EABC42}.R2020|Any CPU.ActiveCfg = R2020|Any CPU
		{54E7E46D-766E-49ED-8FDA-948135EABC42}.R2020|Any CPU.Build.0 = R2020|Any CPU
		{54E7E46D-766E-49ED-8FDA-948135EABC42}.R2021|Any CPU.ActiveCfg = R2021|Any CPU
		{54E7E46D-766E-49ED-8FDA-948135EABC42}.R2021|Any CPU.Build.0 = R2021|Any CPU
		{54E7E46D-766E-49ED-8FDA-948135EABC42}.R2022|Any CPU.ActiveCfg = R2022|Any CPU
		{54E7E46D-766E-49ED-8FDA-948135EABC42}.R2022|Any CPU.Build.0 = R2022|Any CPU
		{54E7E46D-766E-49ED-8FDA-948135EABC42}.R2023|Any CPU.ActiveCfg = R2023|Any CPU
		{54E7E46D-766E-49ED-8FDA-948135EABC42}.R2023|Any CPU.Build.0 = R2023|Any CPU
		{54E7E46D-766E-49ED-8FDA-948135EABC42}.R2024|Any CPU.ActiveCfg = R2024|Any CPU
		{54E7E46D-766E-49ED-8FDA-948135EABC42}.R2024|Any CPU.Build.0 = R2024|Any CPU
		{54E7E46D-766E-49ED-8FDA-948135EABC42}.R2025|Any CPU.ActiveCfg = R2025|Any CPU
		{54E7E46D-766E-49ED-8FDA-948135EABC42}.R2025|Any CPU.Build.0 = R2025|Any CPU
		{54E7E46D-766E-49ED-8FDA-948135EABC42}.Release|Any CPU.ActiveCfg = R2017|Any CPU
		{54E7E46D-766E-49ED-8FDA-948135EABC42}.Release|Any CPU.Build.0 = R2017|Any CPU
	EndGlobalSection
	GlobalSection(SolutionProperties) = preSolution
		HideSolutionNode = FALSE
	EndGlobalSection
	GlobalSection(ExtensibilityGlobals) = postSolution
		SolutionGuid = {5CFA7FF4-D20E-42C3-B69F-64125F7086D3}
	EndGlobalSection
EndGlobal
